
Microsoft Visual Studio Solution File, Format Version 12.00
# Visual Studio Version 17
VisualStudioVersion = 17.12.35506.116
MinimumVisualStudioVersion = 10.0.40219.1
Project("{2150E333-8FDC-42A3-9474-1A3956D46DE8}") = "gateway", "gateway", "{226A69E3-ACB4-462B-9323-41181A8E8FFE}"
EndProject
Project("{2150E333-8FDC-42A3-9474-1A3956D46DE8}") = "microservices", "microservices", "{3A562C9C-96D1-412E-A46F-C7AD723CB961}"
EndProject
Project("{2150E333-8FDC-42A3-9474-1A3956D46DE8}") = "orchestration", "orchestration", "{AA3A4D47-70CC-43E8-9BEB-42F95ADEDBCD}"
EndProject
Project("{2150E333-8FDC-42A3-9474-1A3956D46DE8}") = "shared", "shared", "{269366DF-83F7-418A-8B4B-CBEC9DF06F43}"
EndProject
Project("{FAE04EC0-301F-11D3-BF4B-00C04F79EFBC}") = "SelfWaiter.APIGateway", "gateway\SelfWaiter.APIGateway\SelfWaiter.APIGateway.csproj", "{E4144CB2-69C2-4510-BCE9-886BA2D33C7E}"
EndProject
Project("{FAE04EC0-301F-11D3-BF4B-00C04F79EFBC}") = "SelfWaiter.FileAPI", "microservices\SelfWaiter.FileAPI\SelfWaiter.FileAPI.csproj", "{10E8A333-FE50-4EB8-955C-7488ABD66F45}"
EndProject
Project("{FAE04EC0-301F-11D3-BF4B-00C04F79EFBC}") = "SelfWaiter.AnalyzeAPI", "microservices\SelfWaiter.AnalyzeAPI\SelfWaiter.AnalyzeAPI.csproj", "{2B58D5BA-11BB-4AD6-B16D-D611E95CCE2D}"
EndProject
Project("{FAE04EC0-301F-11D3-BF4B-00C04F79EFBC}") = "SelfWaiter.AuthAPI", "microservices\SelfWaiter.AuthAPI\SelfWaiter.AuthAPI.csproj", "{5F6044B1-34A2-41CA-9356-3238D99C50A7}"
EndProject
Project("{FAE04EC0-301F-11D3-BF4B-00C04F79EFBC}") = "SelfWaiter.MailAPI", "microservices\SelfWaiter.MailAPI\SelfWaiter.MailAPI.csproj", "{8FAF438C-D7BA-4366-82DF-27E9606337CC}"
EndProject
Project("{FAE04EC0-301F-11D3-BF4B-00C04F79EFBC}") = "SelfWaiter.ProductAPI", "microservices\SelfWaiter.ProductAPI\SelfWaiter.ProductAPI.csproj", "{E8C95C34-4A15-4FE2-93E2-C5ECB5089346}"
EndProject
Project("{FAE04EC0-301F-11D3-BF4B-00C04F79EFBC}") = "SelfWaiter.OrderAPI", "microservices\SelfWaiter.OrderAPI\SelfWaiter.OrderAPI.csproj", "{3671D248-F829-40DC-9919-148FE8FFA082}"
EndProject
Project("{FAE04EC0-301F-11D3-BF4B-00C04F79EFBC}") = "SelfWaiter.DealerAPI", "microservices\SelfWaiter.DealerAPI\SelfWaiter.DealerAPI.csproj", "{28F5ACDB-C8CD-42ED-9F8A-CDA2A9BC4DAD}"
EndProject
Project("{FAE04EC0-301F-11D3-BF4B-00C04F79EFBC}") = "SelfWaiter.StateMachine", "orchestration\SelfWaiter.StateMachine\SelfWaiter.StateMachine.csproj", "{EDCD0FBA-925B-4EC5-BBF3-BA9650B5B188}"
EndProject
Project("{FAE04EC0-301F-11D3-BF4B-00C04F79EFBC}") = "SelfWaiter.Shared", "shared\SelfWaiter.Shared\SelfWaiter.Shared.csproj", "{BC585892-6B9B-46CC-8ABC-8BFF324FADFC}"
EndProject
Project("{2150E333-8FDC-42A3-9474-1A3956D46DE8}") = "unitTests", "unitTests", "{22F86C0F-3B96-4995-9B1F-06BB3907694C}"
EndProject
Project("{FAE04EC0-301F-11D3-BF4B-00C04F79EFBC}") = "SelfWaiter.DealerAPI.Test", "unitTests\SelfWaiter.DealerAPI.Test\SelfWaiter.DealerAPI.Test.csproj", "{16866AD4-9D2A-4788-8BE9-2EB9650BD875}"
EndProject
Project("{2150E333-8FDC-42A3-9474-1A3956D46DE8}") = "monitoring", "monitoring", "{226C7BF3-C8D1-464B-9761-A2A233CA0483}"
EndProject
Project("{FAE04EC0-301F-11D3-BF4B-00C04F79EFBC}") = "SelfWaiter.MonitoringService", "monitoring\SelfWaiter.MonitoringService\SelfWaiter.MonitoringService.csproj", "{C2D12AFC-933A-4E32-BD49-2CB261F4089B}"
EndProject
Global
	GlobalSection(SolutionConfigurationPlatforms) = preSolution
		Debug|Any CPU = Debug|Any CPU
		Release|Any CPU = Release|Any CPU
	EndGlobalSection
	GlobalSection(ProjectConfigurationPlatforms) = postSolution
		{E4144CB2-69C2-4510-BCE9-886BA2D33C7E}.Debug|Any CPU.ActiveCfg = Debug|Any CPU
		{E4144CB2-69C2-4510-BCE9-886BA2D33C7E}.Debug|Any CPU.Build.0 = Debug|Any CPU
		{E4144CB2-69C2-4510-BCE9-886BA2D33C7E}.Release|Any CPU.ActiveCfg = Release|Any CPU
		{E4144CB2-69C2-4510-BCE9-886BA2D33C7E}.Release|Any CPU.Build.0 = Release|Any CPU
		{10E8A333-FE50-4EB8-955C-7488ABD66F45}.Debug|Any CPU.ActiveCfg = Debug|Any CPU
		{10E8A333-FE50-4EB8-955C-7488ABD66F45}.Debug|Any CPU.Build.0 = Debug|Any CPU
		{10E8A333-FE50-4EB8-955C-7488ABD66F45}.Release|Any CPU.ActiveCfg = Release|Any CPU
		{10E8A333-FE50-4EB8-955C-7488ABD66F45}.Release|Any CPU.Build.0 = Release|Any CPU
		{2B58D5BA-11BB-4AD6-B16D-D611E95CCE2D}.Debug|Any CPU.ActiveCfg = Debug|Any CPU
		{2B58D5BA-11BB-4AD6-B16D-D611E95CCE2D}.Debug|Any CPU.Build.0 = Debug|Any CPU
		{2B58D5BA-11BB-4AD6-B16D-D611E95CCE2D}.Release|Any CPU.ActiveCfg = Release|Any CPU
		{2B58D5BA-11BB-4AD6-B16D-D611E95CCE2D}.Release|Any CPU.Build.0 = Release|Any CPU
		{5F6044B1-34A2-41CA-9356-3238D99C50A7}.Debug|Any CPU.ActiveCfg = Debug|Any CPU
		{5F6044B1-34A2-41CA-9356-3238D99C50A7}.Debug|Any CPU.Build.0 = Debug|Any CPU
		{5F6044B1-34A2-41CA-9356-3238D99C50A7}.Release|Any CPU.ActiveCfg = Release|Any CPU
		{5F6044B1-34A2-41CA-9356-3238D99C50A7}.Release|Any CPU.Build.0 = Release|Any CPU
		{8FAF438C-D7BA-4366-82DF-27E9606337CC}.Debug|Any CPU.ActiveCfg = Debug|Any CPU
		{8FAF438C-D7BA-4366-82DF-27E9606337CC}.Debug|Any CPU.Build.0 = Debug|Any CPU
		{8FAF438C-D7BA-4366-82DF-27E9606337CC}.Release|Any CPU.ActiveCfg = Release|Any CPU
		{8FAF438C-D7BA-4366-82DF-27E9606337CC}.Release|Any CPU.Build.0 = Release|Any CPU
		{E8C95C34-4A15-4FE2-93E2-C5ECB5089346}.Debug|Any CPU.ActiveCfg = Debug|Any CPU
		{E8C95C34-4A15-4FE2-93E2-C5ECB5089346}.Debug|Any CPU.Build.0 = Debug|Any CPU
		{E8C95C34-4A15-4FE2-93E2-C5ECB5089346}.Release|Any CPU.ActiveCfg = Release|Any CPU
		{E8C95C34-4A15-4FE2-93E2-C5ECB5089346}.Release|Any CPU.Build.0 = Release|Any CPU
		{3671D248-F829-40DC-9919-148FE8FFA082}.Debug|Any CPU.ActiveCfg = Debug|Any CPU
		{3671D248-F829-40DC-9919-148FE8FFA082}.Debug|Any CPU.Build.0 = Debug|Any CPU
		{3671D248-F829-40DC-9919-148FE8FFA082}.Release|Any CPU.ActiveCfg = Release|Any CPU
		{3671D248-F829-40DC-9919-148FE8FFA082}.Release|Any CPU.Build.0 = Release|Any CPU
		{28F5ACDB-C8CD-42ED-9F8A-CDA2A9BC4DAD}.Debug|Any CPU.ActiveCfg = Debug|Any CPU
		{28F5ACDB-C8CD-42ED-9F8A-CDA2A9BC4DAD}.Debug|Any CPU.Build.0 = Debug|Any CPU
		{28F5ACDB-C8CD-42ED-9F8A-CDA2A9BC4DAD}.Release|Any CPU.ActiveCfg = Release|Any CPU
		{28F5ACDB-C8CD-42ED-9F8A-CDA2A9BC4DAD}.Release|Any CPU.Build.0 = Release|Any CPU
		{EDCD0FBA-925B-4EC5-BBF3-BA9650B5B188}.Debug|Any CPU.ActiveCfg = Debug|Any CPU
		{EDCD0FBA-925B-4EC5-BBF3-BA9650B5B188}.Debug|Any CPU.Build.0 = Debug|Any CPU
		{EDCD0FBA-925B-4EC5-BBF3-BA9650B5B188}.Release|Any CPU.ActiveCfg = Release|Any CPU
		{EDCD0FBA-925B-4EC5-BBF3-BA9650B5B188}.Release|Any CPU.Build.0 = Release|Any CPU
		{BC585892-6B9B-46CC-8ABC-8BFF324FADFC}.Debug|Any CPU.ActiveCfg = Debug|Any CPU
		{BC585892-6B9B-46CC-8ABC-8BFF324FADFC}.Debug|Any CPU.Build.0 = Debug|Any CPU
		{BC585892-6B9B-46CC-8ABC-8BFF324FADFC}.Release|Any CPU.ActiveCfg = Release|Any CPU
		{BC585892-6B9B-46CC-8ABC-8BFF324FADFC}.Release|Any CPU.Build.0 = Release|Any CPU
		{16866AD4-9D2A-4788-8BE9-2EB9650BD875}.Debug|Any CPU.ActiveCfg = Debug|Any CPU
		{16866AD4-9D2A-4788-8BE9-2EB9650BD875}.Debug|Any CPU.Build.0 = Debug|Any CPU
		{16866AD4-9D2A-4788-8BE9-2EB9650BD875}.Release|Any CPU.ActiveCfg = Release|Any CPU
		{16866AD4-9D2A-4788-8BE9-2EB9650BD875}.Release|Any CPU.Build.0 = Release|Any CPU
		{C2D12AFC-933A-4E32-BD49-2CB261F4089B}.Debug|Any CPU.ActiveCfg = Debug|Any CPU
		{C2D12AFC-933A-4E32-BD49-2CB261F4089B}.Debug|Any CPU.Build.0 = Debug|Any CPU
		{C2D12AFC-933A-4E32-BD49-2CB261F4089B}.Release|Any CPU.ActiveCfg = Release|Any CPU
		{C2D12AFC-933A-4E32-BD49-2CB261F4089B}.Release|Any CPU.Build.0 = Release|Any CPU
	EndGlobalSection
	GlobalSection(SolutionProperties) = preSolution
		HideSolutionNode = FALSE
	EndGlobalSection
	GlobalSection(NestedProjects) = preSolution
		{E4144CB2-69C2-4510-BCE9-886BA2D33C7E} = {226A69E3-ACB4-462B-9323-41181A8E8FFE}
		{10E8A333-FE50-4EB8-955C-7488ABD66F45} = {3A562C9C-96D1-412E-A46F-C7AD723CB961}
		{2B58D5BA-11BB-4AD6-B16D-D611E95CCE2D} = {3A562C9C-96D1-412E-A46F-C7AD723CB961}
		{5F6044B1-34A2-41CA-9356-3238D99C50A7} = {3A562C9C-96D1-412E-A46F-C7AD723CB961}
		{8FAF438C-D7BA-4366-82DF-27E9606337CC} = {3A562C9C-96D1-412E-A46F-C7AD723CB961}
		{E8C95C34-4A15-4FE2-93E2-C5ECB5089346} = {3A562C9C-96D1-412E-A46F-C7AD723CB961}
		{3671D248-F829-40DC-9919-148FE8FFA082} = {3A562C9C-96D1-412E-A46F-C7AD723CB961}
		{28F5ACDB-C8CD-42ED-9F8A-CDA2A9BC4DAD} = {3A562C9C-96D1-412E-A46F-C7AD723CB961}
		{EDCD0FBA-925B-4EC5-BBF3-BA9650B5B188} = {AA3A4D47-70CC-43E8-9BEB-42F95ADEDBCD}
		{BC585892-6B9B-46CC-8ABC-8BFF324FADFC} = {269366DF-83F7-418A-8B4B-CBEC9DF06F43}
		{16866AD4-9D2A-4788-8BE9-2EB9650BD875} = {22F86C0F-3B96-4995-9B1F-06BB3907694C}
		{C2D12AFC-933A-4E32-BD49-2CB261F4089B} = {226C7BF3-C8D1-464B-9761-A2A233CA0483}
	EndGlobalSection
EndGlobal
